
Microsoft Visual Studio Solution File, Format Version 12.00
# Visual Studio 14
VisualStudioVersion = 14.0.24720.0
MinimumVisualStudioVersion = 10.0.40219.1
Project("{2150E333-8FDC-42A3-9474-1A3956D46DE8}") = "src", "src", "{2A7C6C8C-A9EC-4DEE-9138-A876E5322B14}"
EndProject
Project("{2150E333-8FDC-42A3-9474-1A3956D46DE8}") = "Solution Items", "Solution Items", "{25C51AFA-C87F-476B-A791-DA1DCF4DE28C}"
	ProjectSection(SolutionItems) = preProject
		global.json = global.json
	EndProjectSection
EndProject
Project("{8BB2217D-0F2D-49D1-97BC-3654ED321F3B}") = "Empty-MVC6", "src\Empty-MVC6\Empty-MVC6.xproj", "{BFF69821-9808-4309-922B-C7CAB4B51701}"
EndProject
Global
	GlobalSection(SolutionConfigurationPlatforms) = preSolution
		Debug|Any CPU = Debug|Any CPU
		Release|Any CPU = Release|Any CPU
	EndGlobalSection
	GlobalSection(ProjectConfigurationPlatforms) = postSolution
		{BFF69821-9808-4309-922B-C7CAB4B51701}.Debug|Any CPU.ActiveCfg = Debug|Any CPU
		{BFF69821-9808-4309-922B-C7CAB4B51701}.Debug|Any CPU.Build.0 = Debug|Any CPU
		{BFF69821-9808-4309-922B-C7CAB4B51701}.Release|Any CPU.ActiveCfg = Release|Any CPU
		{BFF69821-9808-4309-922B-C7CAB4B51701}.Release|Any CPU.Build.0 = Release|Any CPU
	EndGlobalSection
	GlobalSection(SolutionProperties) = preSolution
		HideSolutionNode = FALSE
	EndGlobalSection
	GlobalSection(NestedProjects) = preSolution
		{BFF69821-9808-4309-922B-C7CAB4B51701} = {2A7C6C8C-A9EC-4DEE-9138-A876E5322B14}
	EndGlobalSection
EndGlobal
